
Microsoft Visual Studio Solution File, Format Version 12.00
# Visual Studio Version 17
VisualStudioVersion = 17.2.32630.192
MinimumVisualStudioVersion = 10.0.40219.1
Project("{9A19103F-16F7-4668-BE54-9A1E7A4F7556}") = "ElevenNoteWebApp.Server", "ElevenNoteWebApp\Server\ElevenNoteWebApp.Server.csproj", "{1B54BC05-7AA9-4073-82F3-9BB8972FA3C1}"
EndProject
Project("{9A19103F-16F7-4668-BE54-9A1E7A4F7556}") = "ElevenNoteWebApp.Client", "ElevenNoteWebApp\Client\ElevenNoteWebApp.Client.csproj", "{9BEFCC4E-5D15-49B1-99B9-71E3AF7E46E8}"
EndProject
Project("{9A19103F-16F7-4668-BE54-9A1E7A4F7556}") = "ElevenNoteWebApp.Shared", "ElevenNoteWebApp\Shared\ElevenNoteWebApp.Shared.csproj", "{B665ECEF-06D7-4F1C-B102-F5F405AD2A47}"
EndProject
Global
	GlobalSection(SolutionConfigurationPlatforms) = preSolution
		Debug|Any CPU = Debug|Any CPU
		Release|Any CPU = Release|Any CPU
	EndGlobalSection
	GlobalSection(ProjectConfigurationPlatforms) = postSolution
		{1B54BC05-7AA9-4073-82F3-9BB8972FA3C1}.Debug|Any CPU.ActiveCfg = Debug|Any CPU
		{1B54BC05-7AA9-4073-82F3-9BB8972FA3C1}.Debug|Any CPU.Build.0 = Debug|Any CPU
		{1B54BC05-7AA9-4073-82F3-9BB8972FA3C1}.Release|Any CPU.ActiveCfg = Release|Any CPU
		{1B54BC05-7AA9-4073-82F3-9BB8972FA3C1}.Release|Any CPU.Build.0 = Release|Any CPU
		{9BEFCC4E-5D15-49B1-99B9-71E3AF7E46E8}.Debug|Any CPU.ActiveCfg = Debug|Any CPU
		{9BEFCC4E-5D15-49B1-99B9-71E3AF7E46E8}.Debug|Any CPU.Build.0 = Debug|Any CPU
		{9BEFCC4E-5D15-49B1-99B9-71E3AF7E46E8}.Release|Any CPU.ActiveCfg = Release|Any CPU
		{9BEFCC4E-5D15-49B1-99B9-71E3AF7E46E8}.Release|Any CPU.Build.0 = Release|Any CPU
		{B665ECEF-06D7-4F1C-B102-F5F405AD2A47}.Debug|Any CPU.ActiveCfg = Debug|Any CPU
		{B665ECEF-06D7-4F1C-B102-F5F405AD2A47}.Debug|Any CPU.Build.0 = Debug|Any CPU
		{B665ECEF-06D7-4F1C-B102-F5F405AD2A47}.Release|Any CPU.ActiveCfg = Release|Any CPU
		{B665ECEF-06D7-4F1C-B102-F5F405AD2A47}.Release|Any CPU.Build.0 = Release|Any CPU
	EndGlobalSection
	GlobalSection(SolutionProperties) = preSolution
		HideSolutionNode = FALSE
	EndGlobalSection
	GlobalSection(ExtensibilityGlobals) = postSolution
		SolutionGuid = {1798476C-42BF-404D-A9E8-E05F945B3B2E}
	EndGlobalSection
EndGlobal
